// !$*UTF8*$!
{
	archiveVersion = 1;
	classes = {
	};
	objectVersion = 56;
	objects = {

/* Begin PBXBuildFile section */
		E64999D52BCF64C60023DDF2 /* WorldCupTableViewCell.swift in Sources */ = {isa = PBXBuildFile; fileRef = E64999D42BCF64C60023DDF2 /* WorldCupTableViewCell.swift */; };
		E64DBDE12BB393C00070011D /* Peru.png in Resources */ = {isa = PBXBuildFile; fileRef = E64DBDB02BB393BF0070011D /* Peru.png */; };
		E64DBDE22BB393C00070011D /* Romênia.png in Resources */ = {isa = PBXBuildFile; fileRef = E64DBDB12BB393BF0070011D /* Romênia.png */; };
		E64DBDE32BB393C00070011D /* França.png in Resources */ = {isa = PBXBuildFile; fileRef = E64DBDB22BB393BF0070011D /* França.png */; };
		E64DBDE42BB393C00070011D /* Espanha.png in Resources */ = {isa = PBXBuildFile; fileRef = E64DBDB32BB393BF0070011D /* Espanha.png */; };
		E64DBDE52BB393C00070011D /* Rússia.png in Resources */ = {isa = PBXBuildFile; fileRef = E64DBDB42BB393BF0070011D /* Rússia.png */; };
		E64DBDE62BB393C00070011D /* Gana.png in Resources */ = {isa = PBXBuildFile; fileRef = E64DBDB52BB393BF0070011D /* Gana.png */; };
		E64DBDE72BB393C00070011D /* Suécia.png in Resources */ = {isa = PBXBuildFile; fileRef = E64DBDB62BB393BF0070011D /* Suécia.png */; };
		E64DBDE82BB393C00070011D /* Dinamarca.png in Resources */ = {isa = PBXBuildFile; fileRef = E64DBDB72BB393BF0070011D /* Dinamarca.png */; };
		E64DBDE92BB393C00070011D /* União Soviética.png in Resources */ = {isa = PBXBuildFile; fileRef = E64DBDB82BB393BF0070011D /* União Soviética.png */; };
		E64DBDEA2BB393C00070011D /* Hungria.png in Resources */ = {isa = PBXBuildFile; fileRef = E64DBDB92BB393BF0070011D /* Hungria.png */; };
		E64DBDEC2BB393C00070011D /* África do Sul.png in Resources */ = {isa = PBXBuildFile; fileRef = E64DBDBB2BB393BF0070011D /* África do Sul.png */; };
		E64DBDED2BB393C00070011D /* Áustria.png in Resources */ = {isa = PBXBuildFile; fileRef = E64DBDBC2BB393BF0070011D /* Áustria.png */; };
		E64DBDEE2BB393C00070011D /* Paraguai.png in Resources */ = {isa = PBXBuildFile; fileRef = E64DBDBD2BB393BF0070011D /* Paraguai.png */; };
		E64DBDEF2BB393C00070011D /* Bolívia.png in Resources */ = {isa = PBXBuildFile; fileRef = E64DBDBE2BB393BF0070011D /* Bolívia.png */; };
		E64DBDF02BB393C00070011D /* República Tcheca.png in Resources */ = {isa = PBXBuildFile; fileRef = E64DBDBF2BB393BF0070011D /* República Tcheca.png */; };
		E64DBDF12BB393C00070011D /* Camarões.png in Resources */ = {isa = PBXBuildFile; fileRef = E64DBDC02BB393BF0070011D /* Camarões.png */; };
		E64DBDF22BB393C00070011D /* Portugal.png in Resources */ = {isa = PBXBuildFile; fileRef = E64DBDC12BB393BF0070011D /* Portugal.png */; };
		E64DBDF32BB393C00070011D /* Noruega.png in Resources */ = {isa = PBXBuildFile; fileRef = E64DBDC22BB393BF0070011D /* Noruega.png */; };
		E64DBDF42BB393C00070011D /* Suíça.png in Resources */ = {isa = PBXBuildFile; fileRef = E64DBDC32BB393BF0070011D /* Suíça.png */; };
		E64DBDF52BB393C00070011D /* Alemanha.png in Resources */ = {isa = PBXBuildFile; fileRef = E64DBDC42BB393BF0070011D /* Alemanha.png */; };
		E64DBDF62BB393C00070011D /* Turquia.png in Resources */ = {isa = PBXBuildFile; fileRef = E64DBDC52BB393BF0070011D /* Turquia.png */; };
		E64DBDF72BB393C00070011D /* Croácia.png in Resources */ = {isa = PBXBuildFile; fileRef = E64DBDC62BB393BF0070011D /* Croácia.png */; };
		E64DBDF82BB393C00070011D /* País de Gales.png in Resources */ = {isa = PBXBuildFile; fileRef = E64DBDC72BB393BF0070011D /* País de Gales.png */; };
		E64DBDF92BB393C00070011D /* Honduras.png in Resources */ = {isa = PBXBuildFile; fileRef = E64DBDC82BB393BF0070011D /* Honduras.png */; };
		E64DBDFA2BB393C00070011D /* Estados Unidos.png in Resources */ = {isa = PBXBuildFile; fileRef = E64DBDC92BB393C00070011D /* Estados Unidos.png */; };
		E64DBDFB2BB393C00070011D /* Costa Rica.png in Resources */ = {isa = PBXBuildFile; fileRef = E64DBDCA2BB393C00070011D /* Costa Rica.png */; };
		E64DBDFC2BB393C00070011D /* Bélgica.png in Resources */ = {isa = PBXBuildFile; fileRef = E64DBDCB2BB393C00070011D /* Bélgica.png */; };
		E64DBDFD2BB393C00070011D /* Itália.png in Resources */ = {isa = PBXBuildFile; fileRef = E64DBDCC2BB393C00070011D /* Itália.png */; };
		E64DBDFE2BB393C00070011D /* Austrália.png in Resources */ = {isa = PBXBuildFile; fileRef = E64DBDCD2BB393C00070011D /* Austrália.png */; };
		E64DBDFF2BB393C00070011D /* Inglaterra.png in Resources */ = {isa = PBXBuildFile; fileRef = E64DBDCE2BB393C00070011D /* Inglaterra.png */; };
		E64DBE002BB393C00070011D /* Ucrânia.png in Resources */ = {isa = PBXBuildFile; fileRef = E64DBDCF2BB393C00070011D /* Ucrânia.png */; };
		E64DBE012BB393C00070011D /* Coréia do Sul.png in Resources */ = {isa = PBXBuildFile; fileRef = E64DBDD02BB393C00070011D /* Coréia do Sul.png */; };
		E64DBE022BB393C00070011D /* Brasil.png in Resources */ = {isa = PBXBuildFile; fileRef = E64DBDD12BB393C00070011D /* Brasil.png */; };
		E64DBE032BB393C00070011D /* Emirados Árabes.png in Resources */ = {isa = PBXBuildFile; fileRef = E64DBDD22BB393C00070011D /* Emirados Árabes.png */; };
		E64DBE042BB393C00070011D /* Tchecoslováquia.png in Resources */ = {isa = PBXBuildFile; fileRef = E64DBDD32BB393C00070011D /* Tchecoslováquia.png */; };
		E64DBE052BB393C00070011D /* Chile.png in Resources */ = {isa = PBXBuildFile; fileRef = E64DBDD42BB393C00070011D /* Chile.png */; };
		E64DBE062BB393C00070011D /* Arábia Saudita.png in Resources */ = {isa = PBXBuildFile; fileRef = E64DBDD52BB393C00070011D /* Arábia Saudita.png */; };
		E64DBE072BB393C00070011D /* Bulgária.png in Resources */ = {isa = PBXBuildFile; fileRef = E64DBDD62BB393C00070011D /* Bulgária.png */; };
		E64DBE082BB393C00070011D /* Iugoslávia.png in Resources */ = {isa = PBXBuildFile; fileRef = E64DBDD72BB393C00070011D /* Iugoslávia.png */; };
		E64DBE092BB393C00070011D /* México.png in Resources */ = {isa = PBXBuildFile; fileRef = E64DBDD82BB393C00070011D /* México.png */; };
		E64DBE0A2BB393C00070011D /* China.png in Resources */ = {isa = PBXBuildFile; fileRef = E64DBDD92BB393C00070011D /* China.png */; };
		E64DBE0B2BB393C00070011D /* Argélia.png in Resources */ = {isa = PBXBuildFile; fileRef = E64DBDDA2BB393C00070011D /* Argélia.png */; };
		E64DBE0C2BB393C00070011D /* Argentina.png in Resources */ = {isa = PBXBuildFile; fileRef = E64DBDDB2BB393C00070011D /* Argentina.png */; };
		E64DBE0D2BB393C00070011D /* Holanda.png in Resources */ = {isa = PBXBuildFile; fileRef = E64DBDDC2BB393C00070011D /* Holanda.png */; };
		E64DBE0E2BB393C00070011D /* Polônia.png in Resources */ = {isa = PBXBuildFile; fileRef = E64DBDDD2BB393C00070011D /* Polônia.png */; };
		E64DBE0F2BB393C00070011D /* Colômbia.png in Resources */ = {isa = PBXBuildFile; fileRef = E64DBDDE2BB393C00070011D /* Colômbia.png */; };
		E64DBE102BB393C00070011D /* Uruguai.png in Resources */ = {isa = PBXBuildFile; fileRef = E64DBDDF2BB393C00070011D /* Uruguai.png */; };
		E64DBE122BB393D30070011D /* winners.json in Resources */ = {isa = PBXBuildFile; fileRef = E64DBE112BB393D30070011D /* winners.json */; };
		E64DBE192BB396900070011D /* WinnersTableViewController.swift in Sources */ = {isa = PBXBuildFile; fileRef = E64DBE182BB396900070011D /* WinnersTableViewController.swift */; };
		E64DBE1B2BB397180070011D /* WorldCupViewController.swift in Sources */ = {isa = PBXBuildFile; fileRef = E64DBE1A2BB397180070011D /* WorldCupViewController.swift */; };
		E64DBE1E2BB398160070011D /* WorldCup.swift in Sources */ = {isa = PBXBuildFile; fileRef = E64DBE1D2BB398160070011D /* WorldCup.swift */; };
		E6909CC62BB270C100570C35 /* AppDelegate.swift in Sources */ = {isa = PBXBuildFile; fileRef = E6909CC52BB270C100570C35 /* AppDelegate.swift */; };
		E6909CC82BB270C100570C35 /* SceneDelegate.swift in Sources */ = {isa = PBXBuildFile; fileRef = E6909CC72BB270C100570C35 /* SceneDelegate.swift */; };
		E6909CCD2BB270C100570C35 /* Base in Resources */ = {isa = PBXBuildFile; fileRef = E6909CCC2BB270C100570C35 /* Base */; };
		E6909CCF2BB270C200570C35 /* Assets.xcassets in Resources */ = {isa = PBXBuildFile; fileRef = E6909CCE2BB270C200570C35 /* Assets.xcassets */; };
		E6909CD22BB270C200570C35 /* Base in Resources */ = {isa = PBXBuildFile; fileRef = E6909CD12BB270C200570C35 /* Base */; };
		E6A23A0F2BC0BC7200C71C3F /* Alemanha Ocidental.png in Resources */ = {isa = PBXBuildFile; fileRef = E6A23A0E2BC0BC7100C71C3F /* Alemanha Ocidental.png */; };
		E6A23A112BC0BD3400C71C3F /* Alemanha Oriental.png in Resources */ = {isa = PBXBuildFile; fileRef = E6A23A102BC0BD3400C71C3F /* Alemanha Oriental.png */; };
		E6E5164A2BD59CDA00E9994B /* GamesTableViewCell.swift in Sources */ = {isa = PBXBuildFile; fileRef = E6E516492BD59CDA00E9994B /* GamesTableViewCell.swift */; };
/* End PBXBuildFile section */

/* Begin PBXFileReference section */
		E64999D42BCF64C60023DDF2 /* WorldCupTableViewCell.swift */ = {isa = PBXFileReference; lastKnownFileType = sourcecode.swift; path = WorldCupTableViewCell.swift; sourceTree = "<group>"; };
		E64DBDB02BB393BF0070011D /* Peru.png */ = {isa = PBXFileReference; lastKnownFileType = image.png; path = Peru.png; sourceTree = "<group>"; };
		E64DBDB12BB393BF0070011D /* Romênia.png */ = {isa = PBXFileReference; lastKnownFileType = image.png; path = "Romênia.png"; sourceTree = "<group>"; };
		E64DBDB22BB393BF0070011D /* França.png */ = {isa = PBXFileReference; lastKnownFileType = image.png; path = "França.png"; sourceTree = "<group>"; };
		E64DBDB32BB393BF0070011D /* Espanha.png */ = {isa = PBXFileReference; lastKnownFileType = image.png; path = Espanha.png; sourceTree = "<group>"; };
		E64DBDB42BB393BF0070011D /* Rússia.png */ = {isa = PBXFileReference; lastKnownFileType = image.png; path = "Rússia.png"; sourceTree = "<group>"; };
		E64DBDB52BB393BF0070011D /* Gana.png */ = {isa = PBXFileReference; lastKnownFileType = image.png; path = Gana.png; sourceTree = "<group>"; };
		E64DBDB62BB393BF0070011D /* Suécia.png */ = {isa = PBXFileReference; lastKnownFileType = image.png; path = "Suécia.png"; sourceTree = "<group>"; };
		E64DBDB72BB393BF0070011D /* Dinamarca.png */ = {isa = PBXFileReference; lastKnownFileType = image.png; path = Dinamarca.png; sourceTree = "<group>"; };
		E64DBDB82BB393BF0070011D /* União Soviética.png */ = {isa = PBXFileReference; lastKnownFileType = image.png; path = "União Soviética.png"; sourceTree = "<group>"; };
		E64DBDB92BB393BF0070011D /* Hungria.png */ = {isa = PBXFileReference; lastKnownFileType = image.png; path = Hungria.png; sourceTree = "<group>"; };
		E64DBDBB2BB393BF0070011D /* África do Sul.png */ = {isa = PBXFileReference; lastKnownFileType = image.png; path = "África do Sul.png"; sourceTree = "<group>"; };
		E64DBDBC2BB393BF0070011D /* Áustria.png */ = {isa = PBXFileReference; lastKnownFileType = image.png; path = "Áustria.png"; sourceTree = "<group>"; };
		E64DBDBD2BB393BF0070011D /* Paraguai.png */ = {isa = PBXFileReference; lastKnownFileType = image.png; path = Paraguai.png; sourceTree = "<group>"; };
		E64DBDBE2BB393BF0070011D /* Bolívia.png */ = {isa = PBXFileReference; lastKnownFileType = image.png; path = "Bolívia.png"; sourceTree = "<group>"; };
		E64DBDBF2BB393BF0070011D /* República Tcheca.png */ = {isa = PBXFileReference; lastKnownFileType = image.png; path = "República Tcheca.png"; sourceTree = "<group>"; };
		E64DBDC02BB393BF0070011D /* Camarões.png */ = {isa = PBXFileReference; lastKnownFileType = image.png; path = "Camarões.png"; sourceTree = "<group>"; };
		E64DBDC12BB393BF0070011D /* Portugal.png */ = {isa = PBXFileReference; lastKnownFileType = image.png; path = Portugal.png; sourceTree = "<group>"; };
		E64DBDC22BB393BF0070011D /* Noruega.png */ = {isa = PBXFileReference; lastKnownFileType = image.png; path = Noruega.png; sourceTree = "<group>"; };
		E64DBDC32BB393BF0070011D /* Suíça.png */ = {isa = PBXFileReference; lastKnownFileType = image.png; path = "Suíça.png"; sourceTree = "<group>"; };
		E64DBDC42BB393BF0070011D /* Alemanha.png */ = {isa = PBXFileReference; lastKnownFileType = image.png; path = Alemanha.png; sourceTree = "<group>"; };
		E64DBDC52BB393BF0070011D /* Turquia.png */ = {isa = PBXFileReference; lastKnownFileType = image.png; path = Turquia.png; sourceTree = "<group>"; };
		E64DBDC62BB393BF0070011D /* Croácia.png */ = {isa = PBXFileReference; lastKnownFileType = image.png; path = "Croácia.png"; sourceTree = "<group>"; };
		E64DBDC72BB393BF0070011D /* País de Gales.png */ = {isa = PBXFileReference; lastKnownFileType = image.png; path = "País de Gales.png"; sourceTree = "<group>"; };
		E64DBDC82BB393BF0070011D /* Honduras.png */ = {isa = PBXFileReference; lastKnownFileType = image.png; path = Honduras.png; sourceTree = "<group>"; };
		E64DBDC92BB393C00070011D /* Estados Unidos.png */ = {isa = PBXFileReference; lastKnownFileType = image.png; path = "Estados Unidos.png"; sourceTree = "<group>"; };
		E64DBDCA2BB393C00070011D /* Costa Rica.png */ = {isa = PBXFileReference; lastKnownFileType = image.png; path = "Costa Rica.png"; sourceTree = "<group>"; };
		E64DBDCB2BB393C00070011D /* Bélgica.png */ = {isa = PBXFileReference; lastKnownFileType = image.png; path = "Bélgica.png"; sourceTree = "<group>"; };
		E64DBDCC2BB393C00070011D /* Itália.png */ = {isa = PBXFileReference; lastKnownFileType = image.png; path = "Itália.png"; sourceTree = "<group>"; };
		E64DBDCD2BB393C00070011D /* Austrália.png */ = {isa = PBXFileReference; lastKnownFileType = image.png; path = "Austrália.png"; sourceTree = "<group>"; };
		E64DBDCE2BB393C00070011D /* Inglaterra.png */ = {isa = PBXFileReference; lastKnownFileType = image.png; path = Inglaterra.png; sourceTree = "<group>"; };
		E64DBDCF2BB393C00070011D /* Ucrânia.png */ = {isa = PBXFileReference; lastKnownFileType = image.png; path = "Ucrânia.png"; sourceTree = "<group>"; };
		E64DBDD02BB393C00070011D /* Coréia do Sul.png */ = {isa = PBXFileReference; lastKnownFileType = image.png; path = "Coréia do Sul.png"; sourceTree = "<group>"; };
		E64DBDD12BB393C00070011D /* Brasil.png */ = {isa = PBXFileReference; lastKnownFileType = image.png; path = Brasil.png; sourceTree = "<group>"; };
		E64DBDD22BB393C00070011D /* Emirados Árabes.png */ = {isa = PBXFileReference; lastKnownFileType = image.png; path = "Emirados Árabes.png"; sourceTree = "<group>"; };
		E64DBDD32BB393C00070011D /* Tchecoslováquia.png */ = {isa = PBXFileReference; lastKnownFileType = image.png; path = "Tchecoslováquia.png"; sourceTree = "<group>"; };
		E64DBDD42BB393C00070011D /* Chile.png */ = {isa = PBXFileReference; lastKnownFileType = image.png; path = Chile.png; sourceTree = "<group>"; };
		E64DBDD52BB393C00070011D /* Arábia Saudita.png */ = {isa = PBXFileReference; lastKnownFileType = image.png; path = "Arábia Saudita.png"; sourceTree = "<group>"; };
		E64DBDD62BB393C00070011D /* Bulgária.png */ = {isa = PBXFileReference; lastKnownFileType = image.png; path = "Bulgária.png"; sourceTree = "<group>"; };
		E64DBDD72BB393C00070011D /* Iugoslávia.png */ = {isa = PBXFileReference; lastKnownFileType = image.png; path = "Iugoslávia.png"; sourceTree = "<group>"; };
		E64DBDD82BB393C00070011D /* México.png */ = {isa = PBXFileReference; lastKnownFileType = image.png; path = "México.png"; sourceTree = "<group>"; };
		E64DBDD92BB393C00070011D /* China.png */ = {isa = PBXFileReference; lastKnownFileType = image.png; path = China.png; sourceTree = "<group>"; };
		E64DBDDA2BB393C00070011D /* Argélia.png */ = {isa = PBXFileReference; lastKnownFileType = image.png; path = "Argélia.png"; sourceTree = "<group>"; };
		E64DBDDB2BB393C00070011D /* Argentina.png */ = {isa = PBXFileReference; lastKnownFileType = image.png; path = Argentina.png; sourceTree = "<group>"; };
		E64DBDDC2BB393C00070011D /* Holanda.png */ = {isa = PBXFileReference; lastKnownFileType = image.png; path = Holanda.png; sourceTree = "<group>"; };
		E64DBDDD2BB393C00070011D /* Polônia.png */ = {isa = PBXFileReference; lastKnownFileType = image.png; path = "Polônia.png"; sourceTree = "<group>"; };
		E64DBDDE2BB393C00070011D /* Colômbia.png */ = {isa = PBXFileReference; lastKnownFileType = image.png; path = "Colômbia.png"; sourceTree = "<group>"; };
		E64DBDDF2BB393C00070011D /* Uruguai.png */ = {isa = PBXFileReference; lastKnownFileType = image.png; path = Uruguai.png; sourceTree = "<group>"; };
		E64DBE112BB393D30070011D /* winners.json */ = {isa = PBXFileReference; fileEncoding = 4; lastKnownFileType = text.json; path = winners.json; sourceTree = "<group>"; };
		E64DBE182BB396900070011D /* WinnersTableViewController.swift */ = {isa = PBXFileReference; lastKnownFileType = sourcecode.swift; path = WinnersTableViewController.swift; sourceTree = "<group>"; };
		E64DBE1A2BB397180070011D /* WorldCupViewController.swift */ = {isa = PBXFileReference; lastKnownFileType = sourcecode.swift; path = WorldCupViewController.swift; sourceTree = "<group>"; };
		E64DBE1D2BB398160070011D /* WorldCup.swift */ = {isa = PBXFileReference; lastKnownFileType = sourcecode.swift; path = WorldCup.swift; sourceTree = "<group>"; };
		E6909CC22BB270C100570C35 /* CampeoesDasCopas.app */ = {isa = PBXFileReference; explicitFileType = wrapper.application; includeInIndex = 0; path = CampeoesDasCopas.app; sourceTree = BUILT_PRODUCTS_DIR; };
		E6909CC52BB270C100570C35 /* AppDelegate.swift */ = {isa = PBXFileReference; lastKnownFileType = sourcecode.swift; path = AppDelegate.swift; sourceTree = "<group>"; };
		E6909CC72BB270C100570C35 /* SceneDelegate.swift */ = {isa = PBXFileReference; lastKnownFileType = sourcecode.swift; path = SceneDelegate.swift; sourceTree = "<group>"; };
		E6909CCC2BB270C100570C35 /* Base */ = {isa = PBXFileReference; lastKnownFileType = file.storyboard; name = Base; path = Base.lproj/Main.storyboard; sourceTree = "<group>"; };
		E6909CCE2BB270C200570C35 /* Assets.xcassets */ = {isa = PBXFileReference; lastKnownFileType = folder.assetcatalog; path = Assets.xcassets; sourceTree = "<group>"; };
		E6909CD12BB270C200570C35 /* Base */ = {isa = PBXFileReference; lastKnownFileType = file.storyboard; name = Base; path = Base.lproj/LaunchScreen.storyboard; sourceTree = "<group>"; };
		E6909CD32BB270C200570C35 /* Info.plist */ = {isa = PBXFileReference; lastKnownFileType = text.plist.xml; path = Info.plist; sourceTree = "<group>"; };
		E6A23A0E2BC0BC7100C71C3F /* Alemanha Ocidental.png */ = {isa = PBXFileReference; lastKnownFileType = image.png; path = "Alemanha Ocidental.png"; sourceTree = "<group>"; };
		E6A23A102BC0BD3400C71C3F /* Alemanha Oriental.png */ = {isa = PBXFileReference; lastKnownFileType = image.png; path = "Alemanha Oriental.png"; sourceTree = "<group>"; };
		E6E516492BD59CDA00E9994B /* GamesTableViewCell.swift */ = {isa = PBXFileReference; lastKnownFileType = sourcecode.swift; name = GamesTableViewCell.swift; path = CampeoesDasCopas/Views/GamesTableViewCell.swift; sourceTree = SOURCE_ROOT; };
/* End PBXFileReference section */

/* Begin PBXFrameworksBuildPhase section */
		E6909CBF2BB270C100570C35 /* Frameworks */ = {
			isa = PBXFrameworksBuildPhase;
			buildActionMask = 2147483647;
			files = (
			);
			runOnlyForDeploymentPostprocessing = 0;
		};
/* End PBXFrameworksBuildPhase section */

/* Begin PBXGroup section */
		E64DBDAE2BB393A90070011D /* Files */ = {
			isa = PBXGroup;
			children = (
				E64DBE112BB393D30070011D /* winners.json */,
				E64DBDBB2BB393BF0070011D /* África do Sul.png */,
				E6A23A0E2BC0BC7100C71C3F /* Alemanha Ocidental.png */,
				E6A23A102BC0BD3400C71C3F /* Alemanha Oriental.png */,
				E64DBDC42BB393BF0070011D /* Alemanha.png */,
				E64DBDD52BB393C00070011D /* Arábia Saudita.png */,
				E64DBDDA2BB393C00070011D /* Argélia.png */,
				E64DBDDB2BB393C00070011D /* Argentina.png */,
				E64DBDCD2BB393C00070011D /* Austrália.png */,
				E64DBDBC2BB393BF0070011D /* Áustria.png */,
				E64DBDCB2BB393C00070011D /* Bélgica.png */,
				E64DBDBE2BB393BF0070011D /* Bolívia.png */,
				E64DBDD12BB393C00070011D /* Brasil.png */,
				E64DBDD62BB393C00070011D /* Bulgária.png */,
				E64DBDC02BB393BF0070011D /* Camarões.png */,
				E64DBDD42BB393C00070011D /* Chile.png */,
				E64DBDD92BB393C00070011D /* China.png */,
				E64DBDDE2BB393C00070011D /* Colômbia.png */,
				E64DBDD02BB393C00070011D /* Coréia do Sul.png */,
				E64DBDCA2BB393C00070011D /* Costa Rica.png */,
				E64DBDC62BB393BF0070011D /* Croácia.png */,
				E64DBDB72BB393BF0070011D /* Dinamarca.png */,
				E64DBDD22BB393C00070011D /* Emirados Árabes.png */,
				E64DBDB32BB393BF0070011D /* Espanha.png */,
				E64DBDC92BB393C00070011D /* Estados Unidos.png */,
				E64DBDB22BB393BF0070011D /* França.png */,
				E64DBDB52BB393BF0070011D /* Gana.png */,
				E64DBDDC2BB393C00070011D /* Holanda.png */,
				E64DBDC82BB393BF0070011D /* Honduras.png */,
				E64DBDB92BB393BF0070011D /* Hungria.png */,
				E64DBDCE2BB393C00070011D /* Inglaterra.png */,
				E64DBDCC2BB393C00070011D /* Itália.png */,
				E64DBDD72BB393C00070011D /* Iugoslávia.png */,
				E64DBDD82BB393C00070011D /* México.png */,
				E64DBDC22BB393BF0070011D /* Noruega.png */,
				E64DBDC72BB393BF0070011D /* País de Gales.png */,
				E64DBDBD2BB393BF0070011D /* Paraguai.png */,
				E64DBDB02BB393BF0070011D /* Peru.png */,
				E64DBDDD2BB393C00070011D /* Polônia.png */,
				E64DBDC12BB393BF0070011D /* Portugal.png */,
				E64DBDBF2BB393BF0070011D /* República Tcheca.png */,
				E64DBDB12BB393BF0070011D /* Romênia.png */,
				E64DBDB42BB393BF0070011D /* Rússia.png */,
				E64DBDB62BB393BF0070011D /* Suécia.png */,
				E64DBDC32BB393BF0070011D /* Suíça.png */,
				E64DBDD32BB393C00070011D /* Tchecoslováquia.png */,
				E64DBDC52BB393BF0070011D /* Turquia.png */,
				E64DBDCF2BB393C00070011D /* Ucrânia.png */,
				E64DBDB82BB393BF0070011D /* União Soviética.png */,
				E64DBDDF2BB393C00070011D /* Uruguai.png */,
			);
			path = Files;
			sourceTree = "<group>";
		};
		E64DBE152BB395CE0070011D /* Controllers */ = {
			isa = PBXGroup;
			children = (
				E6E516492BD59CDA00E9994B /* GamesTableViewCell.swift */,
				E64DBE182BB396900070011D /* WinnersTableViewController.swift */,
				E64DBE1A2BB397180070011D /* WorldCupViewController.swift */,
				E64999D42BCF64C60023DDF2 /* WorldCupTableViewCell.swift */,
			);
			path = Controllers;
			sourceTree = "<group>";
		};
		E64DBE1C2BB397F30070011D /* Models */ = {
			isa = PBXGroup;
			children = (
				E64DBE1D2BB398160070011D /* WorldCup.swift */,
			);
			path = Models;
			sourceTree = "<group>";
		};
		E6909CB92BB270C100570C35 = {
			isa = PBXGroup;
			children = (
				E6909CC42BB270C100570C35 /* CampeoesDasCopas */,
				E6909CC32BB270C100570C35 /* Products */,
			);
			sourceTree = "<group>";
		};
		E6909CC32BB270C100570C35 /* Products */ = {
			isa = PBXGroup;
			children = (
				E6909CC22BB270C100570C35 /* CampeoesDasCopas.app */,
			);
			name = Products;
			sourceTree = "<group>";
		};
		E6909CC42BB270C100570C35 /* CampeoesDasCopas */ = {
			isa = PBXGroup;
			children = (
				E6909CC52BB270C100570C35 /* AppDelegate.swift */,
				E6909CC72BB270C100570C35 /* SceneDelegate.swift */,
				E64DBDAE2BB393A90070011D /* Files */,
				E64DBE1C2BB397F30070011D /* Models */,
				E6D805322BB39952009DC937 /* Views */,
				E64DBE152BB395CE0070011D /* Controllers */,
				E6909CCE2BB270C200570C35 /* Assets.xcassets */,
				E6909CD32BB270C200570C35 /* Info.plist */,
			);
			path = CampeoesDasCopas;
			sourceTree = "<group>";
		};
		E6D805322BB39952009DC937 /* Views */ = {
			isa = PBXGroup;
			children = (
				E6909CCB2BB270C100570C35 /* Main.storyboard */,
				E6909CD02BB270C200570C35 /* LaunchScreen.storyboard */,
			);
			path = Views;
			sourceTree = "<group>";
		};
/* End PBXGroup section */

/* Begin PBXNativeTarget section */
		E6909CC12BB270C100570C35 /* CampeoesDasCopas */ = {
			isa = PBXNativeTarget;
			buildConfigurationList = E6909CD62BB270C200570C35 /* Build configuration list for PBXNativeTarget "CampeoesDasCopas" */;
			buildPhases = (
				E6909CBE2BB270C100570C35 /* Sources */,
				E6909CBF2BB270C100570C35 /* Frameworks */,
				E6909CC02BB270C100570C35 /* Resources */,
			);
			buildRules = (
			);
			dependencies = (
			);
			name = CampeoesDasCopas;
			productName = CampeoesDasCopas;
			productReference = E6909CC22BB270C100570C35 /* CampeoesDasCopas.app */;
			productType = "com.apple.product-type.application";
		};
/* End PBXNativeTarget section */

/* Begin PBXProject section */
		E6909CBA2BB270C100570C35 /* Project object */ = {
			isa = PBXProject;
			attributes = {
				BuildIndependentTargetsInParallel = 1;
				LastSwiftUpdateCheck = 1530;
				LastUpgradeCheck = 1530;
				TargetAttributes = {
					E6909CC12BB270C100570C35 = {
						CreatedOnToolsVersion = 15.3;
					};
				};
			};
			buildConfigurationList = E6909CBD2BB270C100570C35 /* Build configuration list for PBXProject "CampeoesDasCopas" */;
			compatibilityVersion = "Xcode 14.0";
			developmentRegion = en;
			hasScannedForEncodings = 0;
			knownRegions = (
				en,
				Base,
			);
			mainGroup = E6909CB92BB270C100570C35;
			productRefGroup = E6909CC32BB270C100570C35 /* Products */;
			projectDirPath = "";
			projectRoot = "";
			targets = (
				E6909CC12BB270C100570C35 /* CampeoesDasCopas */,
			);
		};
/* End PBXProject section */

/* Begin PBXResourcesBuildPhase section */
		E6909CC02BB270C100570C35 /* Resources */ = {
			isa = PBXResourcesBuildPhase;
			buildActionMask = 2147483647;
			files = (
				E64DBE002BB393C00070011D /* Ucrânia.png in Resources */,
				E64DBDE82BB393C00070011D /* Dinamarca.png in Resources */,
				E64DBDE72BB393C00070011D /* Suécia.png in Resources */,
				E64DBE082BB393C00070011D /* Iugoslávia.png in Resources */,
				E64DBDF12BB393C00070011D /* Camarões.png in Resources */,
				E64DBDE32BB393C00070011D /* França.png in Resources */,
				E64DBDEC2BB393C00070011D /* África do Sul.png in Resources */,
				E64DBE092BB393C00070011D /* México.png in Resources */,
				E6A23A112BC0BD3400C71C3F /* Alemanha Oriental.png in Resources */,
				E64DBE062BB393C00070011D /* Arábia Saudita.png in Resources */,
				E64DBE0C2BB393C00070011D /* Argentina.png in Resources */,
				E64DBE0F2BB393C00070011D /* Colômbia.png in Resources */,
				E64DBE0B2BB393C00070011D /* Argélia.png in Resources */,
				E64DBDE92BB393C00070011D /* União Soviética.png in Resources */,
				E64DBE0E2BB393C00070011D /* Polônia.png in Resources */,
				E64DBDFC2BB393C00070011D /* Bélgica.png in Resources */,
				E64DBE102BB393C00070011D /* Uruguai.png in Resources */,
				E64DBE052BB393C00070011D /* Chile.png in Resources */,
				E64DBDF32BB393C00070011D /* Noruega.png in Resources */,
				E64DBDED2BB393C00070011D /* Áustria.png in Resources */,
				E64DBE072BB393C00070011D /* Bulgária.png in Resources */,
				E64DBDE22BB393C00070011D /* Romênia.png in Resources */,
				E64DBDFF2BB393C00070011D /* Inglaterra.png in Resources */,
				E64DBDF02BB393C00070011D /* República Tcheca.png in Resources */,
				E64DBE122BB393D30070011D /* winners.json in Resources */,
				E64DBDFE2BB393C00070011D /* Austrália.png in Resources */,
				E64DBDEF2BB393C00070011D /* Bolívia.png in Resources */,
				E64DBDE62BB393C00070011D /* Gana.png in Resources */,
				E6909CCF2BB270C200570C35 /* Assets.xcassets in Resources */,
				E64DBE012BB393C00070011D /* Coréia do Sul.png in Resources */,
				E64DBDFD2BB393C00070011D /* Itália.png in Resources */,
				E64DBE0A2BB393C00070011D /* China.png in Resources */,
				E64DBDE52BB393C00070011D /* Rússia.png in Resources */,
				E64DBDF62BB393C00070011D /* Turquia.png in Resources */,
				E64DBDF52BB393C00070011D /* Alemanha.png in Resources */,
				E64DBE022BB393C00070011D /* Brasil.png in Resources */,
				E64DBDF22BB393C00070011D /* Portugal.png in Resources */,
				E64DBDF72BB393C00070011D /* Croácia.png in Resources */,
				E64DBDE12BB393C00070011D /* Peru.png in Resources */,
				E64DBE032BB393C00070011D /* Emirados Árabes.png in Resources */,
				E64DBDEA2BB393C00070011D /* Hungria.png in Resources */,
				E64DBDF92BB393C00070011D /* Honduras.png in Resources */,
				E64DBDF42BB393C00070011D /* Suíça.png in Resources */,
				E64DBE0D2BB393C00070011D /* Holanda.png in Resources */,
				E6909CD22BB270C200570C35 /* Base in Resources */,
				E64DBDF82BB393C00070011D /* País de Gales.png in Resources */,
				E64DBDFA2BB393C00070011D /* Estados Unidos.png in Resources */,
				E64DBE042BB393C00070011D /* Tchecoslováquia.png in Resources */,
				E64DBDEE2BB393C00070011D /* Paraguai.png in Resources */,
				E6A23A0F2BC0BC7200C71C3F /* Alemanha Ocidental.png in Resources */,
				E64DBDE42BB393C00070011D /* Espanha.png in Resources */,
				E64DBDFB2BB393C00070011D /* Costa Rica.png in Resources */,
				E6909CCD2BB270C100570C35 /* Base in Resources */,
			);
			runOnlyForDeploymentPostprocessing = 0;
		};
/* End PBXResourcesBuildPhase section */

/* Begin PBXSourcesBuildPhase section */
		E6909CBE2BB270C100570C35 /* Sources */ = {
			isa = PBXSourcesBuildPhase;
			buildActionMask = 2147483647;
			files = (
				E64DBE192BB396900070011D /* WinnersTableViewController.swift in Sources */,
				E6909CC62BB270C100570C35 /* AppDelegate.swift in Sources */,
				E64DBE1E2BB398160070011D /* WorldCup.swift in Sources */,
				E6E5164A2BD59CDA00E9994B /* GamesTableViewCell.swift in Sources */,
				E64999D52BCF64C60023DDF2 /* WorldCupTableViewCell.swift in Sources */,
				E64DBE1B2BB397180070011D /* WorldCupViewController.swift in Sources */,
				E6909CC82BB270C100570C35 /* SceneDelegate.swift in Sources */,
			);
			runOnlyForDeploymentPostprocessing = 0;
		};
/* End PBXSourcesBuildPhase section */

/* Begin PBXVariantGroup section */
		E6909CCB2BB270C100570C35 /* Main.storyboard */ = {
			isa = PBXVariantGroup;
			children = (
				E6909CCC2BB270C100570C35 /* Base */,
			);
			name = Main.storyboard;
			sourceTree = "<group>";
		};
		E6909CD02BB270C200570C35 /* LaunchScreen.storyboard */ = {
			isa = PBXVariantGroup;
			children = (
				E6909CD12BB270C200570C35 /* Base */,
			);
			name = LaunchScreen.storyboard;
			sourceTree = "<group>";
		};
/* End PBXVariantGroup section */

/* Begin XCBuildConfiguration section */
		E6909CD42BB270C200570C35 /* Debug */ = {
			isa = XCBuildConfiguration;
			buildSettings = {
				ALWAYS_SEARCH_USER_PATHS = NO;
				ASSETCATALOG_COMPILER_GENERATE_SWIFT_ASSET_SYMBOL_EXTENSIONS = YES;
				CLANG_ANALYZER_NONNULL = YES;
				CLANG_ANALYZER_NUMBER_OBJECT_CONVERSION = YES_AGGRESSIVE;
				CLANG_CXX_LANGUAGE_STANDARD = "gnu++20";
				CLANG_ENABLE_MODULES = YES;
				CLANG_ENABLE_OBJC_ARC = YES;
				CLANG_ENABLE_OBJC_WEAK = YES;
				CLANG_WARN_BLOCK_CAPTURE_AUTORELEASING = YES;
				CLANG_WARN_BOOL_CONVERSION = YES;
				CLANG_WARN_COMMA = YES;
				CLANG_WARN_CONSTANT_CONVERSION = YES;
				CLANG_WARN_DEPRECATED_OBJC_IMPLEMENTATIONS = YES;
				CLANG_WARN_DIRECT_OBJC_ISA_USAGE = YES_ERROR;
				CLANG_WARN_DOCUMENTATION_COMMENTS = YES;
				CLANG_WARN_EMPTY_BODY = YES;
				CLANG_WARN_ENUM_CONVERSION = YES;
				CLANG_WARN_INFINITE_RECURSION = YES;
				CLANG_WARN_INT_CONVERSION = YES;
				CLANG_WARN_NON_LITERAL_NULL_CONVERSION = YES;
				CLANG_WARN_OBJC_IMPLICIT_RETAIN_SELF = YES;
				CLANG_WARN_OBJC_LITERAL_CONVERSION = YES;
				CLANG_WARN_OBJC_ROOT_CLASS = YES_ERROR;
				CLANG_WARN_QUOTED_INCLUDE_IN_FRAMEWORK_HEADER = YES;
				CLANG_WARN_RANGE_LOOP_ANALYSIS = YES;
				CLANG_WARN_STRICT_PROTOTYPES = YES;
				CLANG_WARN_SUSPICIOUS_MOVE = YES;
				CLANG_WARN_UNGUARDED_AVAILABILITY = YES_AGGRESSIVE;
				CLANG_WARN_UNREACHABLE_CODE = YES;
				CLANG_WARN__DUPLICATE_METHOD_MATCH = YES;
				COPY_PHASE_STRIP = NO;
				DEBUG_INFORMATION_FORMAT = dwarf;
				ENABLE_STRICT_OBJC_MSGSEND = YES;
				ENABLE_TESTABILITY = YES;
				ENABLE_USER_SCRIPT_SANDBOXING = YES;
				GCC_C_LANGUAGE_STANDARD = gnu17;
				GCC_DYNAMIC_NO_PIC = NO;
				GCC_NO_COMMON_BLOCKS = YES;
				GCC_OPTIMIZATION_LEVEL = 0;
				GCC_PREPROCESSOR_DEFINITIONS = (
					"DEBUG=1",
					"$(inherited)",
				);
				GCC_WARN_64_TO_32_BIT_CONVERSION = YES;
				GCC_WARN_ABOUT_RETURN_TYPE = YES_ERROR;
				GCC_WARN_UNDECLARED_SELECTOR = YES;
				GCC_WARN_UNINITIALIZED_AUTOS = YES_AGGRESSIVE;
				GCC_WARN_UNUSED_FUNCTION = YES;
				GCC_WARN_UNUSED_VARIABLE = YES;
				IPHONEOS_DEPLOYMENT_TARGET = 17.4;
				LOCALIZATION_PREFERS_STRING_CATALOGS = YES;
				MTL_ENABLE_DEBUG_INFO = INCLUDE_SOURCE;
				MTL_FAST_MATH = YES;
				ONLY_ACTIVE_ARCH = YES;
				SDKROOT = iphoneos;
				SWIFT_ACTIVE_COMPILATION_CONDITIONS = "DEBUG $(inherited)";
				SWIFT_OPTIMIZATION_LEVEL = "-Onone";
			};
			name = Debug;
		};
		E6909CD52BB270C200570C35 /* Release */ = {
			isa = XCBuildConfiguration;
			buildSettings = {
				ALWAYS_SEARCH_USER_PATHS = NO;
				ASSETCATALOG_COMPILER_GENERATE_SWIFT_ASSET_SYMBOL_EXTENSIONS = YES;
				CLANG_ANALYZER_NONNULL = YES;
				CLANG_ANALYZER_NUMBER_OBJECT_CONVERSION = YES_AGGRESSIVE;
				CLANG_CXX_LANGUAGE_STANDARD = "gnu++20";
				CLANG_ENABLE_MODULES = YES;
				CLANG_ENABLE_OBJC_ARC = YES;
				CLANG_ENABLE_OBJC_WEAK = YES;
				CLANG_WARN_BLOCK_CAPTURE_AUTORELEASING = YES;
				CLANG_WARN_BOOL_CONVERSION = YES;
				CLANG_WARN_COMMA = YES;
				CLANG_WARN_CONSTANT_CONVERSION = YES;
				CLANG_WARN_DEPRECATED_OBJC_IMPLEMENTATIONS = YES;
				CLANG_WARN_DIRECT_OBJC_ISA_USAGE = YES_ERROR;
				CLANG_WARN_DOCUMENTATION_COMMENTS = YES;
				CLANG_WARN_EMPTY_BODY = YES;
				CLANG_WARN_ENUM_CONVERSION = YES;
				CLANG_WARN_INFINITE_RECURSION = YES;
				CLANG_WARN_INT_CONVERSION = YES;
				CLANG_WARN_NON_LITERAL_NULL_CONVERSION = YES;
				CLANG_WARN_OBJC_IMPLICIT_RETAIN_SELF = YES;
				CLANG_WARN_OBJC_LITERAL_CONVERSION = YES;
				CLANG_WARN_OBJC_ROOT_CLASS = YES_ERROR;
				CLANG_WARN_QUOTED_INCLUDE_IN_FRAMEWORK_HEADER = YES;
				CLANG_WARN_RANGE_LOOP_ANALYSIS = YES;
				CLANG_WARN_STRICT_PROTOTYPES = YES;
				CLANG_WARN_SUSPICIOUS_MOVE = YES;
				CLANG_WARN_UNGUARDED_AVAILABILITY = YES_AGGRESSIVE;
				CLANG_WARN_UNREACHABLE_CODE = YES;
				CLANG_WARN__DUPLICATE_METHOD_MATCH = YES;
				COPY_PHASE_STRIP = NO;
				DEBUG_INFORMATION_FORMAT = "dwarf-with-dsym";
				ENABLE_NS_ASSERTIONS = NO;
				ENABLE_STRICT_OBJC_MSGSEND = YES;
				ENABLE_USER_SCRIPT_SANDBOXING = YES;
				GCC_C_LANGUAGE_STANDARD = gnu17;
				GCC_NO_COMMON_BLOCKS = YES;
				GCC_WARN_64_TO_32_BIT_CONVERSION = YES;
				GCC_WARN_ABOUT_RETURN_TYPE = YES_ERROR;
				GCC_WARN_UNDECLARED_SELECTOR = YES;
				GCC_WARN_UNINITIALIZED_AUTOS = YES_AGGRESSIVE;
				GCC_WARN_UNUSED_FUNCTION = YES;
				GCC_WARN_UNUSED_VARIABLE = YES;
				IPHONEOS_DEPLOYMENT_TARGET = 17.4;
				LOCALIZATION_PREFERS_STRING_CATALOGS = YES;
				MTL_ENABLE_DEBUG_INFO = NO;
				MTL_FAST_MATH = YES;
				SDKROOT = iphoneos;
				SWIFT_COMPILATION_MODE = wholemodule;
				VALIDATE_PRODUCT = YES;
			};
			name = Release;
		};
		E6909CD72BB270C200570C35 /* Debug */ = {
			isa = XCBuildConfiguration;
			buildSettings = {
				ASSETCATALOG_COMPILER_APPICON_NAME = AppIcon;
				ASSETCATALOG_COMPILER_GLOBAL_ACCENT_COLOR_NAME = AccentColor;
				CODE_SIGN_STYLE = Automatic;
				CURRENT_PROJECT_VERSION = 1;
				DEVELOPMENT_TEAM = 6NN4CR75QJ;
				GENERATE_INFOPLIST_FILE = YES;
				INFOPLIST_FILE = CampeoesDasCopas/Info.plist;
				INFOPLIST_KEY_UIApplicationSupportsIndirectInputEvents = YES;
				INFOPLIST_KEY_UILaunchStoryboardName = LaunchScreen;
				INFOPLIST_KEY_UIMainStoryboardFile = Main;
				INFOPLIST_KEY_UISupportedInterfaceOrientations_iPad = "UIInterfaceOrientationPortrait UIInterfaceOrientationPortraitUpsideDown UIInterfaceOrientationLandscapeLeft UIInterfaceOrientationLandscapeRight";
				INFOPLIST_KEY_UISupportedInterfaceOrientations_iPhone = "UIInterfaceOrientationPortrait UIInterfaceOrientationLandscapeLeft UIInterfaceOrientationLandscapeRight";
				LD_RUNPATH_SEARCH_PATHS = (
					"$(inherited)",
					"@executable_path/Frameworks",
				);
				MARKETING_VERSION = 1.0;
				PRODUCT_BUNDLE_IDENTIFIER = "Eduardo-Frederico.CampeoesDasCopas";
				PRODUCT_NAME = "$(TARGET_NAME)";
				SUPPORTED_PLATFORMS = "iphoneos iphonesimulator";
				SUPPORTS_MACCATALYST = NO;
				SUPPORTS_MAC_DESIGNED_FOR_IPHONE_IPAD = NO;
				SUPPORTS_XR_DESIGNED_FOR_IPHONE_IPAD = NO;
				SWIFT_EMIT_LOC_STRINGS = YES;
				SWIFT_VERSION = 5.0;
				TARGETED_DEVICE_FAMILY = "1,2";
			};
			name = Debug;
		};
		E6909CD82BB270C200570C35 /* Release */ = {
			isa = XCBuildConfiguration;
			buildSettings = {
				ASSETCATALOG_COMPILER_APPICON_NAME = AppIcon;
				ASSETCATALOG_COMPILER_GLOBAL_ACCENT_COLOR_NAME = AccentColor;
				CODE_SIGN_STYLE = Automatic;
				CURRENT_PROJECT_VERSION = 1;
				DEVELOPMENT_TEAM = 6NN4CR75QJ;
				GENERATE_INFOPLIST_FILE = YES;
				INFOPLIST_FILE = CampeoesDasCopas/Info.plist;
				INFOPLIST_KEY_UIApplicationSupportsIndirectInputEvents = YES;
				INFOPLIST_KEY_UILaunchStoryboardName = LaunchScreen;
				INFOPLIST_KEY_UIMainStoryboardFile = Main;
				INFOPLIST_KEY_UISupportedInterfaceOrientations_iPad = "UIInterfaceOrientationPortrait UIInterfaceOrientationPortraitUpsideDown UIInterfaceOrientationLandscapeLeft UIInterfaceOrientationLandscapeRight";
				INFOPLIST_KEY_UISupportedInterfaceOrientations_iPhone = "UIInterfaceOrientationPortrait UIInterfaceOrientationLandscapeLeft UIInterfaceOrientationLandscapeRight";
				LD_RUNPATH_SEARCH_PATHS = (
					"$(inherited)",
					"@executable_path/Frameworks",
				);
				MARKETING_VERSION = 1.0;
				PRODUCT_BUNDLE_IDENTIFIER = "Eduardo-Frederico.CampeoesDasCopas";
				PRODUCT_NAME = "$(TARGET_NAME)";
				SUPPORTED_PLATFORMS = "iphoneos iphonesimulator";
				SUPPORTS_MACCATALYST = NO;
				SUPPORTS_MAC_DESIGNED_FOR_IPHONE_IPAD = NO;
				SUPPORTS_XR_DESIGNED_FOR_IPHONE_IPAD = NO;
				SWIFT_EMIT_LOC_STRINGS = YES;
				SWIFT_VERSION = 5.0;
				TARGETED_DEVICE_FAMILY = "1,2";
			};
			name = Release;
		};
/* End XCBuildConfiguration section */

/* Begin XCConfigurationList section */
		E6909CBD2BB270C100570C35 /* Build configuration list for PBXProject "CampeoesDasCopas" */ = {
			isa = XCConfigurationList;
			buildConfigurations = (
				E6909CD42BB270C200570C35 /* Debug */,
				E6909CD52BB270C200570C35 /* Release */,
			);
			defaultConfigurationIsVisible = 0;
			defaultConfigurationName = Release;
		};
		E6909CD62BB270C200570C35 /* Build configuration list for PBXNativeTarget "CampeoesDasCopas" */ = {
			isa = XCConfigurationList;
			buildConfigurations = (
				E6909CD72BB270C200570C35 /* Debug */,
				E6909CD82BB270C200570C35 /* Release */,
			);
			defaultConfigurationIsVisible = 0;
			defaultConfigurationName = Release;
		};
/* End XCConfigurationList section */
	};
	rootObject = E6909CBA2BB270C100570C35 /* Project object */;
}
